// !$*UTF8*$!
{
	archiveVersion = 1;
	classes = {
	};
	objectVersion = 55;
	objects = {

/* Begin PBXBuildFile section */
		A20CCF7028CCB59400717B0F /* AppDelegate.swift in Sources */ = {isa = PBXBuildFile; fileRef = A20CCF6F28CCB59400717B0F /* AppDelegate.swift */; };
		A20CCF7228CCB59400717B0F /* SceneDelegate.swift in Sources */ = {isa = PBXBuildFile; fileRef = A20CCF7128CCB59400717B0F /* SceneDelegate.swift */; };
		A20CCF7428CCB59400717B0F /* ShelfViewController.swift in Sources */ = {isa = PBXBuildFile; fileRef = A20CCF7328CCB59400717B0F /* ShelfViewController.swift */; };
		A20CCF7928CCB59500717B0F /* Assets.xcassets in Resources */ = {isa = PBXBuildFile; fileRef = A20CCF7828CCB59500717B0F /* Assets.xcassets */; };
		A20CCF7C28CCB59500717B0F /* LaunchScreen.storyboard in Resources */ = {isa = PBXBuildFile; fileRef = A20CCF7A28CCB59500717B0F /* LaunchScreen.storyboard */; };
		A20CCF8528CCBADB00717B0F /* SnapKit in Frameworks */ = {isa = PBXBuildFile; productRef = A20CCF8428CCBADB00717B0F /* SnapKit */; };
		A20CCF8728CCBB6300717B0F /* Alcohol.swift in Sources */ = {isa = PBXBuildFile; fileRef = A20CCF8628CCBB6300717B0F /* Alcohol.swift */; };
		A20CCF8928CCBD6900717B0F /* Person.swift in Sources */ = {isa = PBXBuildFile; fileRef = A20CCF8828CCBD6900717B0F /* Person.swift */; };
		A20CCF8B28CCBE3200717B0F /* Shelf.swift in Sources */ = {isa = PBXBuildFile; fileRef = A20CCF8A28CCBE3200717B0F /* Shelf.swift */; };
		A20CCF9028CCC16500717B0F /* Section.swift in Sources */ = {isa = PBXBuildFile; fileRef = A20CCF8F28CCC16500717B0F /* Section.swift */; };
		A20CCF9228CCFC8200717B0F /* AlcoholCollectionViewCell.swift in Sources */ = {isa = PBXBuildFile; fileRef = A20CCF9128CCFC8200717B0F /* AlcoholCollectionViewCell.swift */; };
		A20CCF9428CD06C700717B0F /* Typealias.swift in Sources */ = {isa = PBXBuildFile; fileRef = A20CCF9328CD06C700717B0F /* Typealias.swift */; };
		A20CCF9628CD2C9600717B0F /* HeaderSupplementaryView.swift in Sources */ = {isa = PBXBuildFile; fileRef = A20CCF9528CD2C9600717B0F /* HeaderSupplementaryView.swift */; };
		A20CCF9828CE19E700717B0F /* BottomSupplementaryView.swift in Sources */ = {isa = PBXBuildFile; fileRef = A20CCF9728CE19E700717B0F /* BottomSupplementaryView.swift */; };
		A20CCF9A28CE1A0A00717B0F /* ShelfBackgroundView.swift in Sources */ = {isa = PBXBuildFile; fileRef = A20CCF9928CE1A0A00717B0F /* ShelfBackgroundView.swift */; };
		A20CCFA028CE1D0D00717B0F /* + UIEdgeInsets.swift in Sources */ = {isa = PBXBuildFile; fileRef = A20CCF9F28CE1D0D00717B0F /* + UIEdgeInsets.swift */; };
		A20CCFA228CE1ED900717B0F /* + NSDirectionalEdgeInsets.swift in Sources */ = {isa = PBXBuildFile; fileRef = A20CCFA128CE1ED900717B0F /* + NSDirectionalEdgeInsets.swift */; };
		A20CCFA428CE205F00717B0F /* ShelfLayout.swift in Sources */ = {isa = PBXBuildFile; fileRef = A20CCFA328CE205F00717B0F /* ShelfLayout.swift */; };
		A237278528DF4D2D00BD2186 /* CollectionViewCell.swift in Sources */ = {isa = PBXBuildFile; fileRef = A237278428DF4D2D00BD2186 /* CollectionViewCell.swift */; };
		A24E16C128DF225000A7C86F /* View.swift in Sources */ = {isa = PBXBuildFile; fileRef = A24E16C028DF225000A7C86F /* View.swift */; };
		A24E16C328DF229600A7C86F /* PUILikeView.swift in Sources */ = {isa = PBXBuildFile; fileRef = A24E16C228DF229600A7C86F /* PUILikeView.swift */; };
		A24E16C528DF238700A7C86F /* CollectionReusableView.swift in Sources */ = {isa = PBXBuildFile; fileRef = A24E16C428DF238700A7C86F /* CollectionReusableView.swift */; };
/* End PBXBuildFile section */

/* Begin PBXCopyFilesBuildPhase section */
		A24E16B728DF1EB600A7C86F /* Embed Frameworks */ = {
			isa = PBXCopyFilesBuildPhase;
			buildActionMask = 2147483647;
			dstPath = "";
			dstSubfolderSpec = 10;
			files = (
			);
			name = "Embed Frameworks";
			runOnlyForDeploymentPostprocessing = 0;
		};
/* End PBXCopyFilesBuildPhase section */

/* Begin PBXFileReference section */
		A20CCF6C28CCB59400717B0F /* PONT.app */ = {isa = PBXFileReference; explicitFileType = wrapper.application; includeInIndex = 0; path = PONT.app; sourceTree = BUILT_PRODUCTS_DIR; };
		A20CCF6F28CCB59400717B0F /* AppDelegate.swift */ = {isa = PBXFileReference; lastKnownFileType = sourcecode.swift; path = AppDelegate.swift; sourceTree = "<group>"; };
		A20CCF7128CCB59400717B0F /* SceneDelegate.swift */ = {isa = PBXFileReference; lastKnownFileType = sourcecode.swift; path = SceneDelegate.swift; sourceTree = "<group>"; };
		A20CCF7328CCB59400717B0F /* ShelfViewController.swift */ = {isa = PBXFileReference; lastKnownFileType = sourcecode.swift; path = ShelfViewController.swift; sourceTree = "<group>"; };
		A20CCF7828CCB59500717B0F /* Assets.xcassets */ = {isa = PBXFileReference; lastKnownFileType = folder.assetcatalog; path = Assets.xcassets; sourceTree = "<group>"; };
		A20CCF7B28CCB59500717B0F /* Base */ = {isa = PBXFileReference; lastKnownFileType = file.storyboard; name = Base; path = Base.lproj/LaunchScreen.storyboard; sourceTree = "<group>"; };
		A20CCF7D28CCB59500717B0F /* Info.plist */ = {isa = PBXFileReference; lastKnownFileType = text.plist.xml; path = Info.plist; sourceTree = "<group>"; };
		A20CCF8628CCBB6300717B0F /* Alcohol.swift */ = {isa = PBXFileReference; lastKnownFileType = sourcecode.swift; path = Alcohol.swift; sourceTree = "<group>"; };
		A20CCF8828CCBD6900717B0F /* Person.swift */ = {isa = PBXFileReference; lastKnownFileType = sourcecode.swift; path = Person.swift; sourceTree = "<group>"; };
		A20CCF8A28CCBE3200717B0F /* Shelf.swift */ = {isa = PBXFileReference; lastKnownFileType = sourcecode.swift; path = Shelf.swift; sourceTree = "<group>"; };
		A20CCF8F28CCC16500717B0F /* Section.swift */ = {isa = PBXFileReference; lastKnownFileType = sourcecode.swift; path = Section.swift; sourceTree = "<group>"; };
		A20CCF9128CCFC8200717B0F /* AlcoholCollectionViewCell.swift */ = {isa = PBXFileReference; lastKnownFileType = sourcecode.swift; path = AlcoholCollectionViewCell.swift; sourceTree = "<group>"; };
		A20CCF9328CD06C700717B0F /* Typealias.swift */ = {isa = PBXFileReference; lastKnownFileType = sourcecode.swift; path = Typealias.swift; sourceTree = "<group>"; };
		A20CCF9528CD2C9600717B0F /* HeaderSupplementaryView.swift */ = {isa = PBXFileReference; lastKnownFileType = sourcecode.swift; path = HeaderSupplementaryView.swift; sourceTree = "<group>"; };
		A20CCF9728CE19E700717B0F /* BottomSupplementaryView.swift */ = {isa = PBXFileReference; lastKnownFileType = sourcecode.swift; path = BottomSupplementaryView.swift; sourceTree = "<group>"; };
		A20CCF9928CE1A0A00717B0F /* ShelfBackgroundView.swift */ = {isa = PBXFileReference; lastKnownFileType = sourcecode.swift; path = ShelfBackgroundView.swift; sourceTree = "<group>"; };
		A20CCF9F28CE1D0D00717B0F /* + UIEdgeInsets.swift */ = {isa = PBXFileReference; lastKnownFileType = sourcecode.swift; path = "+ UIEdgeInsets.swift"; sourceTree = "<group>"; };
		A20CCFA128CE1ED900717B0F /* + NSDirectionalEdgeInsets.swift */ = {isa = PBXFileReference; lastKnownFileType = sourcecode.swift; path = "+ NSDirectionalEdgeInsets.swift"; sourceTree = "<group>"; };
		A20CCFA328CE205F00717B0F /* ShelfLayout.swift */ = {isa = PBXFileReference; lastKnownFileType = sourcecode.swift; path = ShelfLayout.swift; sourceTree = "<group>"; };
		A237278428DF4D2D00BD2186 /* CollectionViewCell.swift */ = {isa = PBXFileReference; lastKnownFileType = sourcecode.swift; path = CollectionViewCell.swift; sourceTree = "<group>"; };
		A24E16C028DF225000A7C86F /* View.swift */ = {isa = PBXFileReference; lastKnownFileType = sourcecode.swift; path = View.swift; sourceTree = "<group>"; };
		A24E16C228DF229600A7C86F /* PUILikeView.swift */ = {isa = PBXFileReference; lastKnownFileType = sourcecode.swift; path = PUILikeView.swift; sourceTree = "<group>"; };
		A24E16C428DF238700A7C86F /* CollectionReusableView.swift */ = {isa = PBXFileReference; lastKnownFileType = sourcecode.swift; path = CollectionReusableView.swift; sourceTree = "<group>"; };
/* End PBXFileReference section */

/* Begin PBXFrameworksBuildPhase section */
		A20CCF6928CCB59400717B0F /* Frameworks */ = {
			isa = PBXFrameworksBuildPhase;
			buildActionMask = 2147483647;
			files = (
				A20CCF8528CCBADB00717B0F /* SnapKit in Frameworks */,
			);
			runOnlyForDeploymentPostprocessing = 0;
		};
/* End PBXFrameworksBuildPhase section */

/* Begin PBXGroup section */
		A20CCF6328CCB59400717B0F = {
			isa = PBXGroup;
			children = (
				A20CCF6E28CCB59400717B0F /* PONT */,
				A20CCF6D28CCB59400717B0F /* Products */,
			);
			sourceTree = "<group>";
		};
		A20CCF6D28CCB59400717B0F /* Products */ = {
			isa = PBXGroup;
			children = (
				A20CCF6C28CCB59400717B0F /* PONT.app */,
			);
			name = Products;
			sourceTree = "<group>";
		};
		A20CCF6E28CCB59400717B0F /* PONT */ = {
			isa = PBXGroup;
			children = (
				A24E16BE28DF224000A7C86F /* PUI */,
				A20CCF9E28CE1A7100717B0F /* Utils */,
				A20CCF9C28CE1A1D00717B0F /* Core */,
				A20CCF9B28CE1A1700717B0F /* Views */,
				A20CCF6F28CCB59400717B0F /* AppDelegate.swift */,
				A20CCF7128CCB59400717B0F /* SceneDelegate.swift */,
				A20CCF7828CCB59500717B0F /* Assets.xcassets */,
				A20CCF7A28CCB59500717B0F /* LaunchScreen.storyboard */,
				A20CCF7D28CCB59500717B0F /* Info.plist */,
			);
			path = PONT;
			sourceTree = "<group>";
		};
		A20CCF8C28CCBF1200717B0F /* Models */ = {
			isa = PBXGroup;
			children = (
				A20CCF8F28CCC16500717B0F /* Section.swift */,
				A20CCF8A28CCBE3200717B0F /* Shelf.swift */,
				A20CCF8828CCBD6900717B0F /* Person.swift */,
				A20CCF8628CCBB6300717B0F /* Alcohol.swift */,
			);
			path = Models;
			sourceTree = "<group>";
		};
		A20CCF9B28CE1A1700717B0F /* Views */ = {
			isa = PBXGroup;
			children = (
			);
			path = Views;
			sourceTree = "<group>";
		};
		A20CCF9C28CE1A1D00717B0F /* Core */ = {
			isa = PBXGroup;
			children = (
				A20CCF9D28CE1A2A00717B0F /* Shelf */,
			);
			path = Core;
			sourceTree = "<group>";
		};
		A20CCF9D28CE1A2A00717B0F /* Shelf */ = {
			isa = PBXGroup;
			children = (
				A20CCF8C28CCBF1200717B0F /* Models */,
				A20CCF7328CCB59400717B0F /* ShelfViewController.swift */,
				A20CCFA328CE205F00717B0F /* ShelfLayout.swift */,
			);
			path = Shelf;
			sourceTree = "<group>";
		};
		A20CCF9E28CE1A7100717B0F /* Utils */ = {
			isa = PBXGroup;
			children = (
				A20CCF9328CD06C700717B0F /* Typealias.swift */,
				A20CCF9F28CE1D0D00717B0F /* + UIEdgeInsets.swift */,
				A20CCFA128CE1ED900717B0F /* + NSDirectionalEdgeInsets.swift */,
			);
			path = Utils;
			sourceTree = "<group>";
		};
		A24E16BE28DF224000A7C86F /* PUI */ = {
			isa = PBXGroup;
			children = (
				A24E16BF28DF224900A7C86F /* Base */,
				A24E16C228DF229600A7C86F /* PUILikeView.swift */,
				A20CCF9128CCFC8200717B0F /* AlcoholCollectionViewCell.swift */,
				A20CCF9528CD2C9600717B0F /* HeaderSupplementaryView.swift */,
				A20CCF9728CE19E700717B0F /* BottomSupplementaryView.swift */,
				A20CCF9928CE1A0A00717B0F /* ShelfBackgroundView.swift */,
			);
			path = PUI;
			sourceTree = "<group>";
		};
		A24E16BF28DF224900A7C86F /* Base */ = {
			isa = PBXGroup;
			children = (
				A24E16C028DF225000A7C86F /* View.swift */,
				A24E16C428DF238700A7C86F /* CollectionReusableView.swift */,
				A237278428DF4D2D00BD2186 /* CollectionViewCell.swift */,
			);
			path = Base;
			sourceTree = "<group>";
		};
/* End PBXGroup section */

/* Begin PBXNativeTarget section */
		A20CCF6B28CCB59400717B0F /* PONT */ = {
			isa = PBXNativeTarget;
			buildConfigurationList = A20CCF8028CCB59500717B0F /* Build configuration list for PBXNativeTarget "PONT" */;
			buildPhases = (
				A20CCF6828CCB59400717B0F /* Sources */,
				A20CCF6928CCB59400717B0F /* Frameworks */,
				A20CCF6A28CCB59400717B0F /* Resources */,
				A24E16B728DF1EB600A7C86F /* Embed Frameworks */,
			);
			buildRules = (
			);
			dependencies = (
			);
			name = PONT;
			packageProductDependencies = (
				A20CCF8428CCBADB00717B0F /* SnapKit */,
			);
			productName = PONT;
			productReference = A20CCF6C28CCB59400717B0F /* PONT.app */;
			productType = "com.apple.product-type.application";
		};
/* End PBXNativeTarget section */

/* Begin PBXProject section */
		A20CCF6428CCB59400717B0F /* Project object */ = {
			isa = PBXProject;
			attributes = {
				BuildIndependentTargetsInParallel = 1;
				LastSwiftUpdateCheck = 1340;
				LastUpgradeCheck = 1340;
				TargetAttributes = {
					A20CCF6B28CCB59400717B0F = {
						CreatedOnToolsVersion = 13.4.1;
					};
				};
			};
			buildConfigurationList = A20CCF6728CCB59400717B0F /* Build configuration list for PBXProject "PONT" */;
			compatibilityVersion = "Xcode 13.0";
			developmentRegion = en;
			hasScannedForEncodings = 0;
			knownRegions = (
				en,
				Base,
			);
			mainGroup = A20CCF6328CCB59400717B0F;
			packageReferences = (
				A20CCF8328CCBADB00717B0F /* XCRemoteSwiftPackageReference "SnapKit" */,
			);
			productRefGroup = A20CCF6D28CCB59400717B0F /* Products */;
			projectDirPath = "";
			projectRoot = "";
			targets = (
				A20CCF6B28CCB59400717B0F /* PONT */,
			);
		};
/* End PBXProject section */

/* Begin PBXResourcesBuildPhase section */
		A20CCF6A28CCB59400717B0F /* Resources */ = {
			isa = PBXResourcesBuildPhase;
			buildActionMask = 2147483647;
			files = (
				A20CCF7C28CCB59500717B0F /* LaunchScreen.storyboard in Resources */,
				A20CCF7928CCB59500717B0F /* Assets.xcassets in Resources */,
			);
			runOnlyForDeploymentPostprocessing = 0;
		};
/* End PBXResourcesBuildPhase section */

/* Begin PBXSourcesBuildPhase section */
		A20CCF6828CCB59400717B0F /* Sources */ = {
			isa = PBXSourcesBuildPhase;
			buildActionMask = 2147483647;
			files = (
				A20CCF8B28CCBE3200717B0F /* Shelf.swift in Sources */,
				A24E16C128DF225000A7C86F /* View.swift in Sources */,
				A20CCFA428CE205F00717B0F /* ShelfLayout.swift in Sources */,
				A24E16C328DF229600A7C86F /* PUILikeView.swift in Sources */,
				A20CCF9A28CE1A0A00717B0F /* ShelfBackgroundView.swift in Sources */,
				A20CCF9428CD06C700717B0F /* Typealias.swift in Sources */,
				A20CCF9828CE19E700717B0F /* BottomSupplementaryView.swift in Sources */,
				A20CCF9228CCFC8200717B0F /* AlcoholCollectionViewCell.swift in Sources */,
				A20CCFA228CE1ED900717B0F /* + NSDirectionalEdgeInsets.swift in Sources */,
				A20CCF8928CCBD6900717B0F /* Person.swift in Sources */,
				A237278528DF4D2D00BD2186 /* CollectionViewCell.swift in Sources */,
				A20CCFA028CE1D0D00717B0F /* + UIEdgeInsets.swift in Sources */,
				A20CCF7428CCB59400717B0F /* ShelfViewController.swift in Sources */,
				A20CCF9028CCC16500717B0F /* Section.swift in Sources */,
				A20CCF7028CCB59400717B0F /* AppDelegate.swift in Sources */,
				A20CCF8728CCBB6300717B0F /* Alcohol.swift in Sources */,
				A20CCF7228CCB59400717B0F /* SceneDelegate.swift in Sources */,
				A20CCF9628CD2C9600717B0F /* HeaderSupplementaryView.swift in Sources */,
				A24E16C528DF238700A7C86F /* CollectionReusableView.swift in Sources */,
			);
			runOnlyForDeploymentPostprocessing = 0;
		};
/* End PBXSourcesBuildPhase section */

/* Begin PBXVariantGroup section */
		A20CCF7A28CCB59500717B0F /* LaunchScreen.storyboard */ = {
			isa = PBXVariantGroup;
			children = (
				A20CCF7B28CCB59500717B0F /* Base */,
			);
			name = LaunchScreen.storyboard;
			sourceTree = "<group>";
		};
/* End PBXVariantGroup section */

/* Begin XCBuildConfiguration section */
		A20CCF7E28CCB59500717B0F /* Debug */ = {
			isa = XCBuildConfiguration;
			buildSettings = {
				ALWAYS_SEARCH_USER_PATHS = NO;
				CLANG_ANALYZER_NONNULL = YES;
				CLANG_ANALYZER_NUMBER_OBJECT_CONVERSION = YES_AGGRESSIVE;
				CLANG_CXX_LANGUAGE_STANDARD = "gnu++17";
				CLANG_ENABLE_MODULES = YES;
				CLANG_ENABLE_OBJC_ARC = YES;
				CLANG_ENABLE_OBJC_WEAK = YES;
				CLANG_WARN_BLOCK_CAPTURE_AUTORELEASING = YES;
				CLANG_WARN_BOOL_CONVERSION = YES;
				CLANG_WARN_COMMA = YES;
				CLANG_WARN_CONSTANT_CONVERSION = YES;
				CLANG_WARN_DEPRECATED_OBJC_IMPLEMENTATIONS = YES;
				CLANG_WARN_DIRECT_OBJC_ISA_USAGE = YES_ERROR;
				CLANG_WARN_DOCUMENTATION_COMMENTS = YES;
				CLANG_WARN_EMPTY_BODY = YES;
				CLANG_WARN_ENUM_CONVERSION = YES;
				CLANG_WARN_INFINITE_RECURSION = YES;
				CLANG_WARN_INT_CONVERSION = YES;
				CLANG_WARN_NON_LITERAL_NULL_CONVERSION = YES;
				CLANG_WARN_OBJC_IMPLICIT_RETAIN_SELF = YES;
				CLANG_WARN_OBJC_LITERAL_CONVERSION = YES;
				CLANG_WARN_OBJC_ROOT_CLASS = YES_ERROR;
				CLANG_WARN_QUOTED_INCLUDE_IN_FRAMEWORK_HEADER = YES;
				CLANG_WARN_RANGE_LOOP_ANALYSIS = YES;
				CLANG_WARN_STRICT_PROTOTYPES = YES;
				CLANG_WARN_SUSPICIOUS_MOVE = YES;
				CLANG_WARN_UNGUARDED_AVAILABILITY = YES_AGGRESSIVE;
				CLANG_WARN_UNREACHABLE_CODE = YES;
				CLANG_WARN__DUPLICATE_METHOD_MATCH = YES;
				COPY_PHASE_STRIP = NO;
				DEBUG_INFORMATION_FORMAT = dwarf;
				ENABLE_STRICT_OBJC_MSGSEND = YES;
				ENABLE_TESTABILITY = YES;
				GCC_C_LANGUAGE_STANDARD = gnu11;
				GCC_DYNAMIC_NO_PIC = NO;
				GCC_NO_COMMON_BLOCKS = YES;
				GCC_OPTIMIZATION_LEVEL = 0;
				GCC_PREPROCESSOR_DEFINITIONS = (
					"DEBUG=1",
					"$(inherited)",
				);
				GCC_WARN_64_TO_32_BIT_CONVERSION = YES;
				GCC_WARN_ABOUT_RETURN_TYPE = YES_ERROR;
				GCC_WARN_UNDECLARED_SELECTOR = YES;
				GCC_WARN_UNINITIALIZED_AUTOS = YES_AGGRESSIVE;
				GCC_WARN_UNUSED_FUNCTION = YES;
				GCC_WARN_UNUSED_VARIABLE = YES;
				IPHONEOS_DEPLOYMENT_TARGET = 15.5;
				MTL_ENABLE_DEBUG_INFO = INCLUDE_SOURCE;
				MTL_FAST_MATH = YES;
				ONLY_ACTIVE_ARCH = YES;
				SDKROOT = iphoneos;
				SWIFT_ACTIVE_COMPILATION_CONDITIONS = DEBUG;
				SWIFT_OPTIMIZATION_LEVEL = "-Onone";
			};
			name = Debug;
		};
		A20CCF7F28CCB59500717B0F /* Release */ = {
			isa = XCBuildConfiguration;
			buildSettings = {
				ALWAYS_SEARCH_USER_PATHS = NO;
				CLANG_ANALYZER_NONNULL = YES;
				CLANG_ANALYZER_NUMBER_OBJECT_CONVERSION = YES_AGGRESSIVE;
				CLANG_CXX_LANGUAGE_STANDARD = "gnu++17";
				CLANG_ENABLE_MODULES = YES;
				CLANG_ENABLE_OBJC_ARC = YES;
				CLANG_ENABLE_OBJC_WEAK = YES;
				CLANG_WARN_BLOCK_CAPTURE_AUTORELEASING = YES;
				CLANG_WARN_BOOL_CONVERSION = YES;
				CLANG_WARN_COMMA = YES;
				CLANG_WARN_CONSTANT_CONVERSION = YES;
				CLANG_WARN_DEPRECATED_OBJC_IMPLEMENTATIONS = YES;
				CLANG_WARN_DIRECT_OBJC_ISA_USAGE = YES_ERROR;
				CLANG_WARN_DOCUMENTATION_COMMENTS = YES;
				CLANG_WARN_EMPTY_BODY = YES;
				CLANG_WARN_ENUM_CONVERSION = YES;
				CLANG_WARN_INFINITE_RECURSION = YES;
				CLANG_WARN_INT_CONVERSION = YES;
				CLANG_WARN_NON_LITERAL_NULL_CONVERSION = YES;
				CLANG_WARN_OBJC_IMPLICIT_RETAIN_SELF = YES;
				CLANG_WARN_OBJC_LITERAL_CONVERSION = YES;
				CLANG_WARN_OBJC_ROOT_CLASS = YES_ERROR;
				CLANG_WARN_QUOTED_INCLUDE_IN_FRAMEWORK_HEADER = YES;
				CLANG_WARN_RANGE_LOOP_ANALYSIS = YES;
				CLANG_WARN_STRICT_PROTOTYPES = YES;
				CLANG_WARN_SUSPICIOUS_MOVE = YES;
				CLANG_WARN_UNGUARDED_AVAILABILITY = YES_AGGRESSIVE;
				CLANG_WARN_UNREACHABLE_CODE = YES;
				CLANG_WARN__DUPLICATE_METHOD_MATCH = YES;
				COPY_PHASE_STRIP = NO;
				DEBUG_INFORMATION_FORMAT = "dwarf-with-dsym";
				ENABLE_NS_ASSERTIONS = NO;
				ENABLE_STRICT_OBJC_MSGSEND = YES;
				GCC_C_LANGUAGE_STANDARD = gnu11;
				GCC_NO_COMMON_BLOCKS = YES;
				GCC_WARN_64_TO_32_BIT_CONVERSION = YES;
				GCC_WARN_ABOUT_RETURN_TYPE = YES_ERROR;
				GCC_WARN_UNDECLARED_SELECTOR = YES;
				GCC_WARN_UNINITIALIZED_AUTOS = YES_AGGRESSIVE;
				GCC_WARN_UNUSED_FUNCTION = YES;
				GCC_WARN_UNUSED_VARIABLE = YES;
				IPHONEOS_DEPLOYMENT_TARGET = 15.5;
				MTL_ENABLE_DEBUG_INFO = NO;
				MTL_FAST_MATH = YES;
				SDKROOT = iphoneos;
				SWIFT_COMPILATION_MODE = wholemodule;
				SWIFT_OPTIMIZATION_LEVEL = "-O";
				VALIDATE_PRODUCT = YES;
			};
			name = Release;
		};
		A20CCF8128CCB59500717B0F /* Debug */ = {
			isa = XCBuildConfiguration;
			buildSettings = {
				ASSETCATALOG_COMPILER_APPICON_NAME = AppIcon;
				ASSETCATALOG_COMPILER_GLOBAL_ACCENT_COLOR_NAME = AccentColor;
				CODE_SIGN_IDENTITY = "Apple Development";
				CODE_SIGN_STYLE = Automatic;
				CURRENT_PROJECT_VERSION = 1;
				DEVELOPMENT_TEAM = T663N6CXV2;
				GENERATE_INFOPLIST_FILE = YES;
				INFOPLIST_FILE = PONT/Info.plist;
				INFOPLIST_KEY_UIApplicationSupportsIndirectInputEvents = YES;
				INFOPLIST_KEY_UILaunchStoryboardName = LaunchScreen;
				INFOPLIST_KEY_UISupportedInterfaceOrientations_iPad = "UIInterfaceOrientationPortrait UIInterfaceOrientationPortraitUpsideDown UIInterfaceOrientationLandscapeLeft UIInterfaceOrientationLandscapeRight";
				INFOPLIST_KEY_UISupportedInterfaceOrientations_iPhone = "UIInterfaceOrientationPortrait UIInterfaceOrientationLandscapeLeft UIInterfaceOrientationLandscapeRight";
				LD_RUNPATH_SEARCH_PATHS = (
					"$(inherited)",
					"@executable_path/Frameworks",
				);
				MARKETING_VERSION = 1.0;
				PRODUCT_BUNDLE_IDENTIFIER = com.butinmv.PONT;
				PRODUCT_NAME = "$(TARGET_NAME)";
				PROVISIONING_PROFILE_SPECIFIER = "";
				SWIFT_EMIT_LOC_STRINGS = YES;
				SWIFT_VERSION = 5.0;
				TARGETED_DEVICE_FAMILY = "1,2";
			};
			name = Debug;
		};
		A20CCF8228CCB59500717B0F /* Release */ = {
			isa = XCBuildConfiguration;
			buildSettings = {
				ASSETCATALOG_COMPILER_APPICON_NAME = AppIcon;
				ASSETCATALOG_COMPILER_GLOBAL_ACCENT_COLOR_NAME = AccentColor;
				CODE_SIGN_IDENTITY = "Apple Development";
				CODE_SIGN_STYLE = Automatic;
				CURRENT_PROJECT_VERSION = 1;
				DEVELOPMENT_TEAM = T663N6CXV2;
				GENERATE_INFOPLIST_FILE = YES;
				INFOPLIST_FILE = PONT/Info.plist;
				INFOPLIST_KEY_UIApplicationSupportsIndirectInputEvents = YES;
				INFOPLIST_KEY_UILaunchStoryboardName = LaunchScreen;
				INFOPLIST_KEY_UISupportedInterfaceOrientations_iPad = "UIInterfaceOrientationPortrait UIInterfaceOrientationPortraitUpsideDown UIInterfaceOrientationLandscapeLeft UIInterfaceOrientationLandscapeRight";
				INFOPLIST_KEY_UISupportedInterfaceOrientations_iPhone = "UIInterfaceOrientationPortrait UIInterfaceOrientationLandscapeLeft UIInterfaceOrientationLandscapeRight";
				LD_RUNPATH_SEARCH_PATHS = (
					"$(inherited)",
					"@executable_path/Frameworks",
				);
				MARKETING_VERSION = 1.0;
				PRODUCT_BUNDLE_IDENTIFIER = com.butinmv.PONT;
				PRODUCT_NAME = "$(TARGET_NAME)";
				PROVISIONING_PROFILE_SPECIFIER = "";
				SWIFT_EMIT_LOC_STRINGS = YES;
				SWIFT_VERSION = 5.0;
				TARGETED_DEVICE_FAMILY = "1,2";
			};
			name = Release;
		};
/* End XCBuildConfiguration section */

/* Begin XCConfigurationList section */
		A20CCF6728CCB59400717B0F /* Build configuration list for PBXProject "PONT" */ = {
			isa = XCConfigurationList;
			buildConfigurations = (
				A20CCF7E28CCB59500717B0F /* Debug */,
				A20CCF7F28CCB59500717B0F /* Release */,
			);
			defaultConfigurationIsVisible = 0;
			defaultConfigurationName = Release;
		};
		A20CCF8028CCB59500717B0F /* Build configuration list for PBXNativeTarget "PONT" */ = {
			isa = XCConfigurationList;
			buildConfigurations = (
				A20CCF8128CCB59500717B0F /* Debug */,
				A20CCF8228CCB59500717B0F /* Release */,
			);
			defaultConfigurationIsVisible = 0;
			defaultConfigurationName = Release;
		};
/* End XCConfigurationList section */

/* Begin XCRemoteSwiftPackageReference section */
		A20CCF8328CCBADB00717B0F /* XCRemoteSwiftPackageReference "SnapKit" */ = {
			isa = XCRemoteSwiftPackageReference;
			repositoryURL = "https://github.com/SnapKit/SnapKit";
			requirement = {
				kind = upToNextMajorVersion;
				minimumVersion = 5.0.0;
			};
		};
/* End XCRemoteSwiftPackageReference section */

/* Begin XCSwiftPackageProductDependency section */
		A20CCF8428CCBADB00717B0F /* SnapKit */ = {
			isa = XCSwiftPackageProductDependency;
			package = A20CCF8328CCBADB00717B0F /* XCRemoteSwiftPackageReference "SnapKit" */;
			productName = SnapKit;
		};
/* End XCSwiftPackageProductDependency section */
	};
	rootObject = A20CCF6428CCB59400717B0F /* Project object */;
}
